
Microsoft Visual Studio Solution File, Format Version 12.00
# Visual Studio Version 16
VisualStudioVersion = 16.0.30204.135
MinimumVisualStudioVersion = 10.0.40219.1
Project("{FAE04EC0-301F-11D3-BF4B-00C04F79EFBC}") = "DevGridView", "DXApplication2\DevGridView.csproj", "{BD187AEC-1F90-4734-9F05-3328D72B147D}"
EndProject
Global
	GlobalSection(SolutionConfigurationPlatforms) = preSolution
		Debug|Any CPU = Debug|Any CPU
		Release|Any CPU = Release|Any CPU
	EndGlobalSection
	GlobalSection(ProjectConfigurationPlatforms) = postSolution
		{BD187AEC-1F90-4734-9F05-3328D72B147D}.Debug|Any CPU.ActiveCfg = Debug|Any CPU
		{BD187AEC-1F90-4734-9F05-3328D72B147D}.Debug|Any CPU.Build.0 = Debug|Any CPU
		{BD187AEC-1F90-4734-9F05-3328D72B147D}.Release|Any CPU.ActiveCfg = Release|Any CPU
		{BD187AEC-1F90-4734-9F05-3328D72B147D}.Release|Any CPU.Build.0 = Release|Any CPU
	EndGlobalSection
	GlobalSection(SolutionProperties) = preSolution
		HideSolutionNode = FALSE
	EndGlobalSection
	GlobalSection(ExtensibilityGlobals) = postSolution
		SolutionGuid = {59FB2A55-7E3F-4541-9275-DCE3FDE2C2C6}
	EndGlobalSection
EndGlobal
